
Microsoft Visual Studio Solution File, Format Version 12.00
# Visual Studio Version 17
VisualStudioVersion = 17.7.34018.315
MinimumVisualStudioVersion = 10.0.40219.1
Project("{FAE04EC0-301F-11D3-BF4B-00C04F79EFBC}") = "ClubCar", "ClubCar\ClubCar.csproj", "{18D8B8D1-F0A8-42CE-B551-2BDA14CA8661}"
EndProject
Global
	GlobalSection(SolutionConfigurationPlatforms) = preSolution
		Debug|Any CPU = Debug|Any CPU
		Release|Any CPU = Release|Any CPU
	EndGlobalSection
	GlobalSection(ProjectConfigurationPlatforms) = postSolution
		{18D8B8D1-F0A8-42CE-B551-2BDA14CA8661}.Debug|Any CPU.ActiveCfg = Debug|Any CPU
		{18D8B8D1-F0A8-42CE-B551-2BDA14CA8661}.Debug|Any CPU.Build.0 = Debug|Any CPU
		{18D8B8D1-F0A8-42CE-B551-2BDA14CA8661}.Release|Any CPU.ActiveCfg = Release|Any CPU
		{18D8B8D1-F0A8-42CE-B551-2BDA14CA8661}.Release|Any CPU.Build.0 = Release|Any CPU
	EndGlobalSection
	GlobalSection(SolutionProperties) = preSolution
		HideSolutionNode = FALSE
	EndGlobalSection
	GlobalSection(ExtensibilityGlobals) = postSolution
		SolutionGuid = {0647D94D-9429-434C-A6D7-1872A4F6634C}
	EndGlobalSection
EndGlobal
